
Microsoft Visual Studio Solution File, Format Version 11.00
# Visual Studio 2010
Project("{8BC9CEB8-8B4A-11D0-8D11-00A0C91BC942}") = "test_9_30", "test_9_30\test_9_30.vcxproj", "{F94F11DC-2A28-408F-A804-5440A7BC6B27}"
EndProject
Global
	GlobalSection(SolutionConfigurationPlatforms) = preSolution
		Debug|Win32 = Debug|Win32
		Release|Win32 = Release|Win32
	EndGlobalSection
	GlobalSection(ProjectConfigurationPlatforms) = postSolution
		{F94F11DC-2A28-408F-A804-5440A7BC6B27}.Debug|Win32.ActiveCfg = Debug|Win32
		{F94F11DC-2A28-408F-A804-5440A7BC6B27}.Debug|Win32.Build.0 = Debug|Win32
		{F94F11DC-2A28-408F-A804-5440A7BC6B27}.Release|Win32.ActiveCfg = Release|Win32
		{F94F11DC-2A28-408F-A804-5440A7BC6B27}.Release|Win32.Build.0 = Release|Win32
	EndGlobalSection
	GlobalSection(SolutionProperties) = preSolution
		HideSolutionNode = FALSE
	EndGlobalSection
EndGlobal
